
Microsoft Visual Studio Solution File, Format Version 12.00
# Visual Studio Version 17
VisualStudioVersion = 17.11.35312.102
MinimumVisualStudioVersion = 10.0.40219.1
Project("{FAE04EC0-301F-11D3-BF4B-00C04F79EFBC}") = "MVVMPractise", "MVVMPractise\MVVMPractise.csproj", "{B69270BF-F1FC-4D63-A0FC-96E0DF25A98C}"
EndProject
Global
	GlobalSection(SolutionConfigurationPlatforms) = preSolution
		Debug|Any CPU = Debug|Any CPU
		Release|Any CPU = Release|Any CPU
	EndGlobalSection
	GlobalSection(ProjectConfigurationPlatforms) = postSolution
		{B69270BF-F1FC-4D63-A0FC-96E0DF25A98C}.Debug|Any CPU.ActiveCfg = Debug|Any CPU
		{B69270BF-F1FC-4D63-A0FC-96E0DF25A98C}.Debug|Any CPU.Build.0 = Debug|Any CPU
		{B69270BF-F1FC-4D63-A0FC-96E0DF25A98C}.Release|Any CPU.ActiveCfg = Release|Any CPU
		{B69270BF-F1FC-4D63-A0FC-96E0DF25A98C}.Release|Any CPU.Build.0 = Release|Any CPU
	EndGlobalSection
	GlobalSection(SolutionProperties) = preSolution
		HideSolutionNode = FALSE
	EndGlobalSection
	GlobalSection(ExtensibilityGlobals) = postSolution
		SolutionGuid = {3F1AA6C2-566C-4D48-9AB2-5BCBDA9DE9B7}
	EndGlobalSection
EndGlobal
